{
    "version": 3,
    "terraform_version": "0.11.10",
    "serial": 11,
    "lineage": "6fccab8c-e13b-d660-7b4e-e3d90237fc5b",
    "modules": [
        {
            "path": [
                "root"
            ],
            "outputs": {},
            "resources": {
                "data.google_container_engine_versions.region": {
                    "type": "google_container_engine_versions",
                    "depends_on": [],
                    "primary": {
                        "id": "2018-12-06 14:24:57.887978 +0000 UTC",
                        "attributes": {
                            "default_cluster_version": "1.9.7-gke.11",
                            "id": "2018-12-06 14:24:57.887978 +0000 UTC",
                            "latest_master_version": "1.11.3-gke.18",
                            "latest_node_version": "1.11.3-gke.18",
                            "project": "spacemaker-kubernetes-workshop",
                            "valid_master_versions.#": "10",
                            "valid_master_versions.0": "1.11.3-gke.18",
                            "valid_master_versions.1": "1.11.2-gke.20",
                            "valid_master_versions.2": "1.11.2-gke.18",
                            "valid_master_versions.3": "1.10.9-gke.7",
                            "valid_master_versions.4": "1.10.9-gke.5",
                            "valid_master_versions.5": "1.10.7-gke.13",
                            "valid_master_versions.6": "1.10.7-gke.11",
                            "valid_master_versions.7": "1.10.6-gke.13",
                            "valid_master_versions.8": "1.10.6-gke.11",
                            "valid_master_versions.9": "1.9.7-gke.11",
                            "valid_node_versions.#": "55",
                            "valid_node_versions.0": "1.11.3-gke.18",
                            "valid_node_versions.1": "1.11.2-gke.20",
                            "valid_node_versions.10": "1.10.7-gke.11",
                            "valid_node_versions.11": "1.10.7-gke.9",
                            "valid_node_versions.12": "1.10.7-gke.6",
                            "valid_node_versions.13": "1.10.7-gke.2",
                            "valid_node_versions.14": "1.10.7-gke.1",
                            "valid_node_versions.15": "1.10.6-gke.13",
                            "valid_node_versions.16": "1.10.6-gke.11",
                            "valid_node_versions.17": "1.10.6-gke.9",
                            "valid_node_versions.18": "1.10.6-gke.6",
                            "valid_node_versions.19": "1.10.6-gke.4",
                            "valid_node_versions.2": "1.11.2-gke.18",
                            "valid_node_versions.20": "1.10.6-gke.3",
                            "valid_node_versions.21": "1.10.6-gke.2",
                            "valid_node_versions.22": "1.10.6-gke.1",
                            "valid_node_versions.23": "1.10.5-gke.4",
                            "valid_node_versions.24": "1.10.5-gke.3",
                            "valid_node_versions.25": "1.10.5-gke.2",
                            "valid_node_versions.26": "1.10.5-gke.0",
                            "valid_node_versions.27": "1.10.4-gke.3",
                            "valid_node_versions.28": "1.10.4-gke.2",
                            "valid_node_versions.29": "1.10.4-gke.0",
                            "valid_node_versions.3": "1.11.2-gke.15",
                            "valid_node_versions.30": "1.10.2-gke.4",
                            "valid_node_versions.31": "1.10.2-gke.3",
                            "valid_node_versions.32": "1.10.2-gke.1",
                            "valid_node_versions.33": "1.9.7-gke.11",
                            "valid_node_versions.34": "1.9.7-gke.7",
                            "valid_node_versions.35": "1.9.7-gke.6",
                            "valid_node_versions.36": "1.9.7-gke.5",
                            "valid_node_versions.37": "1.9.7-gke.4",
                            "valid_node_versions.38": "1.9.7-gke.3",
                            "valid_node_versions.39": "1.9.7-gke.1",
                            "valid_node_versions.4": "1.11.2-gke.9",
                            "valid_node_versions.40": "1.9.7-gke.0",
                            "valid_node_versions.41": "1.9.6-gke.2",
                            "valid_node_versions.42": "1.9.6-gke.1",
                            "valid_node_versions.43": "1.9.3-gke.0",
                            "valid_node_versions.44": "1.8.12-gke.3",
                            "valid_node_versions.45": "1.8.12-gke.2",
                            "valid_node_versions.46": "1.8.12-gke.1",
                            "valid_node_versions.47": "1.8.12-gke.0",
                            "valid_node_versions.48": "1.8.10-gke.2",
                            "valid_node_versions.49": "1.8.10-gke.0",
                            "valid_node_versions.5": "1.10.9-gke.7",
                            "valid_node_versions.50": "1.8.9-gke.1",
                            "valid_node_versions.51": "1.8.8-gke.0",
                            "valid_node_versions.52": "1.7.15-gke.0",
                            "valid_node_versions.53": "1.7.12-gke.2",
                            "valid_node_versions.54": "1.6.13-gke.1",
                            "valid_node_versions.6": "1.10.9-gke.5",
                            "valid_node_versions.7": "1.10.9-gke.3",
                            "valid_node_versions.8": "1.10.9-gke.0",
                            "valid_node_versions.9": "1.10.7-gke.13",
                            "zone": "europe-west1-b"
                        },
                        "meta": {},
                        "tainted": false
                    },
                    "deposed": [],
                    "provider": "provider.google"
                },
                "google_compute_address.load_balancer": {
                    "type": "google_compute_address",
                    "depends_on": [],
                    "primary": {
                        "id": "spacemaker-kubernetes-workshop/europe-west1/k8s-abakus-load-balancer",
                        "attributes": {
                            "address": "35.187.15.84",
                            "address_type": "EXTERNAL",
                            "creation_timestamp": "2018-12-06T06:25:01.179-08:00",
                            "description": "",
                            "id": "spacemaker-kubernetes-workshop/europe-west1/k8s-abakus-load-balancer",
                            "label_fingerprint": "42WmSpB8rSM=",
                            "labels.%": "0",
                            "name": "k8s-abakus-load-balancer",
                            "network_tier": "PREMIUM",
                            "project": "spacemaker-kubernetes-workshop",
                            "region": "europe-west1",
                            "self_link": "https://www.googleapis.com/compute/v1/projects/spacemaker-kubernetes-workshop/regions/europe-west1/addresses/k8s-abakus-load-balancer",
                            "subnetwork": "",
                            "users.#": "0"
                        },
                        "meta": {
                            "e2bfb730-ecaa-11e6-8f88-34363bc7c4c0": {
                                "create": 240000000000,
                                "delete": 240000000000,
                                "update": 240000000000
                            }
                        },
                        "tainted": false
                    },
                    "deposed": [],
                    "provider": "provider.google"
                },
                "google_container_cluster.cluster": {
                    "type": "google_container_cluster",
                    "depends_on": [
                        "data.google_container_engine_versions.region"
                    ],
                    "primary": {
                        "id": "abakus",
                        "attributes": {
                            "additional_zones.#": "0",
                            "addons_config.#": "1",
                            "addons_config.0.horizontal_pod_autoscaling.#": "0",
                            "addons_config.0.http_load_balancing.#": "0",
                            "addons_config.0.kubernetes_dashboard.#": "1",
                            "addons_config.0.kubernetes_dashboard.0.disabled": "true",
                            "addons_config.0.network_policy_config.#": "1",
                            "addons_config.0.network_policy_config.0.disabled": "true",
                            "cluster_ipv4_cidr": "10.40.0.0/14",
                            "description": "",
                            "enable_binary_authorization": "false",
                            "enable_kubernetes_alpha": "false",
                            "enable_legacy_abac": "false",
                            "enable_tpu": "false",
                            "endpoint": "35.189.196.125",
                            "id": "abakus",
                            "initial_node_count": "1",
                            "instance_group_urls.#": "1",
                            "instance_group_urls.0": "https://www.googleapis.com/compute/v1/projects/spacemaker-kubernetes-workshop/zones/europe-west1-b/instanceGroups/gke-abakus-default-pool-6be826c6-grp",
                            "ip_allocation_policy.#": "0",
                            "logging_service": "logging.googleapis.com",
                            "maintenance_policy.#": "0",
                            "master_auth.#": "1",
                            "master_auth.0.client_certificate": "LS0tLS1CRUdJTiBDRVJUSUZJQ0FURS0tLS0tCk1JSUMyakNDQWNLZ0F3SUJBZ0lRVDlveUlubmQwempaUnpoeEpieHFkVEFOQmdrcWhraUc5dzBCQVFzRkFEQXYKTVMwd0t3WURWUVFERXlRMk1qUmlabUV4TUMxbVlXWTFMVFE1TkRNdE9HSTVZeTAzT1RZd05EUTJPREE1TWpBdwpIaGNOTVRneE1qQTJNVE15TlRFMldoY05Nak14TWpBMU1UTXlOVEUyV2pBUk1ROHdEUVlEVlFRREV3WmpiR2xsCmJuUXdnZ0VpTUEwR0NTcUdTSWIzRFFFQkFRVUFBNElCRHdBd2dnRUtBb0lCQVFDSmMyQWZuR2ZGdjUvbnNHTjYKVWFoK1NWbnlMenVKTzdpQmgzclJLTDhmSFVKY1dPaU9lTG1pWGxXOWhTd0p1VldWSXVvQXZFdlE0UHhpbkJpTQpqRWlDY2djWHRqS2JLU1B0dmNTTS84cEhFcHBzOWNQSnJiLzQ3TmpjVWFTalZHQzJyRFNZQSt3bDBMNW9iWVIyCnJ0OFJyd3RtQ1ZwUUFaaEJmYnZpWnJ5aTFXbm03RzliTXNjZ1NTVWVjb1J3YnZHblcxM2ttRDM4NjE0dUNncUYKWkhYblUrd0VSUmw5MVp6UWM0b2dlckZTRkFwR2N5TjRRMWxMdHVPNURkMVgrVzFKMlV3bmo1cElmVkZ3aGtRRwpsMlpVa1ZVQ0V4anhuVDRQcitvT1NQbXdYNmM1bUZ6dVUzWWFCMytUd29VdGROUzFSODFWSUljVDVRNStneitlCkVxR2JBZ01CQUFHakVEQU9NQXdHQTFVZEV3RUIvd1FDTUFBd0RRWUpLb1pJaHZjTkFRRUxCUUFEZ2dFQkFGTTIKZVJHRVNUbnkwRy9BMENFaEpJWGI3R216NExEditjdUl4amp2M05NT0oyWHRSUUJPcmlDMDVEaFJTcHYyMExaaQp1TDAyUGZwOHhENHo1aHVtWE1kckRFME81YzRuaGgzcHZWUnQwL3cvZm1YWHpERXpiUXlHRVVMR0FsV0tyOGpvClVDSnVrRmpnVlBRdEZCVThNTHh5akU2NGZBYU55REJUc1hFMTNMSGZBekFaK2gzNUt1aHljRDljZFg5eFpjL1EKSWUzQzNSaDFrcFozN0xsU2YrVk1aV2dLbEYxTytYL1JYNFp2eU5ZdmtKWGhscXd2TmRJMjNUZEI2NERJRDZZVAorbVMxRlpaRnpPL1p0R1RhQjBFaitrMTl6OHVyYjhYYS8zRWdSek1vNHhpZ3BPdEZQMFVZL1UrTEszR2F6Zm51CkU2WVFYQ1dkS3RFU3RQYVBJbTQ9Ci0tLS0tRU5EIENFUlRJRklDQVRFLS0tLS0K",
                            "master_auth.0.client_certificate_config.#": "0",
                            "master_auth.0.client_key": "LS0tLS1CRUdJTiBSU0EgUFJJVkFURSBLRVktLS0tLQpNSUlFb3dJQkFBS0NBUUVBaVhOZ0g1eG54YitmNTdCamVsR29ma2xaOGk4N2lUdTRnWWQ2MFNpL0h4MUNYRmpvCmpuaTVvbDVWdllVc0NibFZsU0xxQUx4TDBPRDhZcHdZakl4SWduSUhGN1l5bXlrajdiM0VqUC9LUnhLYWJQWEQKeWEyLytPelkzRkdrbzFSZ3RxdzBtQVBzSmRDK2FHMkVkcTdmRWE4TFpnbGFVQUdZUVgyNzRtYThvdFZwNXV4dgpXekxISUVrbEhuS0VjRzd4cDF0ZDVKZzkvT3RlTGdvS2hXUjE1MVBzQkVVWmZkV2MwSE9LSUhxeFVoUUtSbk1qCmVFTlpTN2JqdVEzZFYvbHRTZGxNSjQrYVNIMVJjSVpFQnBkbVZKRlZBaE1ZOFowK0Q2L3FEa2o1c0Yrbk9aaGMKN2xOMkdnZC9rOEtGTFhUVXRVZk5WU0NIRStVT2ZvTS9uaEtobXdJREFRQUJBb0lCQUEwK2s5V1g4WnZwY2hRVwpPQSt5VEtVV2xsY3kyKzdHVldvTnp2VFdrMHdCT3NMQlFtOXdESnNyc2VGWU1yMGhJYkVFTXo0czVyVlM2SjdyCjRhV3hZczlIQTQzeVhYLzcvOTFKdXVYSFJBdURMR1F4YmxOQnJjempyYVhWTENNYzMxRGEyUnFJempsNm1zNWYKTnpOa2VGUXc1TTFKTzIyWUtiNnR5ZXZ2OEY5VVF2MzlrVVpLMWpUQnIrTE5vWDRGZmdJdXR5VTdWdFdGNTNYYwpqRXROUjk0a25lU2FlQWVJUHh4TVVSeFFkZFk1ekNva1lETWtiMUZucXk1Ylc4WWtDMkQ3c0dwRVZMeTVVZFViCkVTNCt0UVE2MU04bitveUVycnZXbGNPMm8wejJTYndsTW05SEoxMWNlOVZFbTZ1Mnl1ZXd0UjdURDV6aGhoZkgKSHYyV1Q4a0NnWUVBd0FxNHhjdlVxWUtFN0diNVg5ZGRDZ1RUdmlyVk9zZ01oZ1B5b3ZKeDlLTFBlVUlDL0pVWAp2RXBLY2kyTm5rYzYzaHVJQ2QxNy9DMnFsR0N0OUx3Mmd0bmlSYnZOd003d2J5UG1yVU1jNk5OUHFXb1c1RjdICm16enMwaW1pdmd6dFZqNTFGMkhtVStMVHV5d0wzVFVYNzZQd3lnRjRwUnR0a3FURm5adnZ6czhDZ1lFQXR6cEUKektHbFhLdURha1o0eENGeEZuaE15aGNrZ1RTWTZwUU85MTZyZyswT2NJVXhXRXhBbGx0MHpYNnQ2TkJvSXJtQwpzeVNmeDVQa3pVR211VklIaHJZM0dhTk9ITG5OSjhQUGRBSndiUmJqMG9MVkxjaVVQTVJicDhyWndiY1ZkSVAvCmlLa3ZTVnJYZEJGdURlbERpSCs5M2RrRkVCQ3BvWCtkZnNyVVUzVUNnWUFrc1dmQWswT2M1ODFTQmhMYjF5QjEKeTVwUm1ZbUlZN1RRM213NzZpc1AzUlBiVFZ1WXV6di94QW9aYXM3R1VVSFVNbHA1MkJIYWl6Y3VocEoyVW9mdgoxSVhCWVRMZEJpMDJieHVpTzFLSXdlZFVyV3FXVSsyN29aWjJTWEpJOGR0ZlFTdktQZkJ1VXNhMTJxS2hyNFZWClNuTzFoVFp5QloyWUNWZWcxNnlvVFFLQmdHTFB3ckNVY0FnMDJxOGlpQmhGYktaUWhDRHNNQnlaeittWnBTU1UKWW16SUYrUm9mLzc5U0V1TjBNVE5qMTRobmpjejBoOW9IZDdVakN5QlBqZHMzSEF5cmk1ZVdrNjFpTVRzSFdHVAp1eXVwajMxRVgxRE1mZHp6aS9aR04vNzNERlFFcDNiOHZtcVIyZVZYVFFHbGpXejhidGxJSXluUndwazhxQ1ByCm9Hdk5Bb0dCQUx0b1NxTTRQbG1oaGc2dkI2VWhtL0VFZXJxYWVqbmFUbjJIZnpNZndPeFR3bDFTQUs1Z3o5VmgKVjloL2xWQWNpRHc0Q01UalhRZ0d1SEdBak96OS9waTNDUHA4eFd5VjN2THpBM080cnlHZmN5NU1KazdPSDBrcwpJOXRDUkp2SDdQanNaMkNpbXFLbHlEdzNLOE5McUx4TWRvMkJ6RUd4Z3AxNVZnTzR6RGY1Ci0tLS0tRU5EIFJTQSBQUklWQVRFIEtFWS0tLS0tCg==",
                            "master_auth.0.cluster_ca_certificate": "LS0tLS1CRUdJTiBDRVJUSUZJQ0FURS0tLS0tCk1JSURERENDQWZTZ0F3SUJBZ0lSQU1IYnAzaTN5T3RydGtZS1ZGcjZUUkV3RFFZSktvWklodmNOQVFFTEJRQXcKTHpFdE1Dc0dBMVVFQXhNa05qSTBZbVpoTVRBdFptRm1OUzAwT1RRekxUaGlPV010TnprMk1EUTBOamd3T1RJdwpNQjRYRFRFNE1USXdOakV5TWpVeE5sb1hEVEl6TVRJd05URXpNalV4Tmxvd0x6RXRNQ3NHQTFVRUF4TWtOakkwClltWmhNVEF0Wm1GbU5TMDBPVFF6TFRoaU9XTXROemsyTURRME5qZ3dPVEl3TUlJQklqQU5CZ2txaGtpRzl3MEIKQVFFRkFBT0NBUThBTUlJQkNnS0NBUUVBM283L2tvNDRCY3daM2J0dXNSZU9rOUkxeHN2dS9meDRqUnkxQll6cwo5blNDcktMQXA4TWVYM0ZZMXd2bk1DM1ZTd1VhUmluVjJVN0xpSzRhZlllcGZqM3JuY0c1L3hpU09nYm1VdTM3Ck1UMEdKNXFlTHZoK3cxaEJUNldLdEhFcUNEQmZ0OTdobEgyaGJERXZsRVNPc213bmR2dzdJNFdRTjFlbU94YTYKN3FMRnl0bmZRSjBZQVBlNzdyR1ZsVDlVN3FJZWxDMW5EYXVsbzZ1VVpya3RkdVNVSEtHZjQzRml2SWk4TDlzNQpucVdKMkJJaERmS0JuWlZuZFlRSWt3RWp2SEd5RyswT0NXMXpva25jV3FrbE9ocWlYQUM5R2V3QWJmd3ZZalo3CkFSaCtVVHljbmk5MVVBanRBdmt5T3padE4zTGRtSVVtVlQrempPakttSzNEMXdJREFRQUJveU13SVRBT0JnTlYKSFE4QkFmOEVCQU1DQWdRd0R3WURWUjBUQVFIL0JBVXdBd0VCL3pBTkJna3Foa2lHOXcwQkFRc0ZBQU9DQVFFQQpjNHVFVVZMakx6L2FEWS9JYWdKNVBtT2txYkdPU1VQdVBUaU9OZnkzYlNxQWVTN3FoOVZUOTlnWVVoRzE1YlFjCml2Y0tEcUtRVkRjZCsyQlhpdXVSUDRhZVZlaU9HSDBxc1RoUjQvNENUL1BWbEpsZEpYNTJhSlliYjYwUEwxRi8KMFc3d1lOSFBZOWpnVGJ2N0wzWG9sREQ1Q3pBRk5aWElPV3dlbjJ3aWdCRmJoNVBvUkY4ZEkzWTRDQ3dFMnBJMAowTnpOek9TcUpCYlBwcXdaY0tCYm9yamJYdCtnc1BMSFQzWEV6ZlRWS21QMEV2NFNXN0tNbExQdjN1ZWtpek9GCm8ydmlRLzNUUGxnV1lXdlI5RjRiNEkxL1JJMnFLUFdldUVDajdZYVJDbzBneWJYOFVKMW9wVk91dHFDOGlWNEUKaEZqSGlJZ295U0ZROXh4enh4dU5mUT09Ci0tLS0tRU5EIENFUlRJRklDQVRFLS0tLS0K",
                            "master_auth.0.password": "OuyJWKjEsieCeTQO",
                            "master_auth.0.username": "admin",
                            "master_authorized_networks_config.#": "0",
                            "master_ipv4_cidr_block": "",
                            "master_version": "1.11.3-gke.18",
                            "min_master_version": "1.11.3-gke.18",
                            "monitoring_service": "monitoring.googleapis.com",
                            "name": "abakus",
                            "network": "projects/spacemaker-kubernetes-workshop/global/networks/default",
                            "network_policy.#": "1",
                            "network_policy.0.enabled": "false",
                            "network_policy.0.provider": "PROVIDER_UNSPECIFIED",
                            "node_config.#": "1",
                            "node_config.0.disk_size_gb": "100",
                            "node_config.0.disk_type": "pd-standard",
                            "node_config.0.guest_accelerator.#": "0",
                            "node_config.0.image_type": "COS",
                            "node_config.0.labels.%": "0",
                            "node_config.0.local_ssd_count": "0",
                            "node_config.0.machine_type": "n1-standard-1",
                            "node_config.0.metadata.%": "0",
                            "node_config.0.min_cpu_platform": "",
                            "node_config.0.oauth_scopes.#": "6",
                            "node_config.0.oauth_scopes.1277378754": "https://www.googleapis.com/auth/monitoring",
                            "node_config.0.oauth_scopes.1632638332": "https://www.googleapis.com/auth/devstorage.read_only",
                            "node_config.0.oauth_scopes.172152165": "https://www.googleapis.com/auth/logging.write",
                            "node_config.0.oauth_scopes.316356861": "https://www.googleapis.com/auth/service.management.readonly",
                            "node_config.0.oauth_scopes.3663490875": "https://www.googleapis.com/auth/servicecontrol",
                            "node_config.0.oauth_scopes.3859019814": "https://www.googleapis.com/auth/trace.append",
                            "node_config.0.preemptible": "false",
                            "node_config.0.service_account": "default",
                            "node_config.0.tags.#": "0",
                            "node_config.0.taint.#": "0",
                            "node_config.0.workload_metadata_config.#": "0",
                            "node_pool.#": "1",
                            "node_pool.0.autoscaling.#": "0",
                            "node_pool.0.initial_node_count": "1",
                            "node_pool.0.instance_group_urls.#": "1",
                            "node_pool.0.instance_group_urls.0": "https://www.googleapis.com/compute/v1/projects/spacemaker-kubernetes-workshop/zones/europe-west1-b/instanceGroupManagers/gke-abakus-default-pool-6be826c6-grp",
                            "node_pool.0.management.#": "1",
                            "node_pool.0.management.0.auto_repair": "false",
                            "node_pool.0.management.0.auto_upgrade": "false",
                            "node_pool.0.max_pods_per_node": "0",
                            "node_pool.0.name": "default-pool",
                            "node_pool.0.name_prefix": "",
                            "node_pool.0.node_config.#": "1",
                            "node_pool.0.node_config.0.disk_size_gb": "100",
                            "node_pool.0.node_config.0.disk_type": "pd-standard",
                            "node_pool.0.node_config.0.guest_accelerator.#": "0",
                            "node_pool.0.node_config.0.image_type": "COS",
                            "node_pool.0.node_config.0.labels.%": "0",
                            "node_pool.0.node_config.0.local_ssd_count": "0",
                            "node_pool.0.node_config.0.machine_type": "n1-standard-1",
                            "node_pool.0.node_config.0.metadata.%": "0",
                            "node_pool.0.node_config.0.min_cpu_platform": "",
                            "node_pool.0.node_config.0.oauth_scopes.#": "6",
                            "node_pool.0.node_config.0.oauth_scopes.1277378754": "https://www.googleapis.com/auth/monitoring",
                            "node_pool.0.node_config.0.oauth_scopes.1632638332": "https://www.googleapis.com/auth/devstorage.read_only",
                            "node_pool.0.node_config.0.oauth_scopes.172152165": "https://www.googleapis.com/auth/logging.write",
                            "node_pool.0.node_config.0.oauth_scopes.316356861": "https://www.googleapis.com/auth/service.management.readonly",
                            "node_pool.0.node_config.0.oauth_scopes.3663490875": "https://www.googleapis.com/auth/servicecontrol",
                            "node_pool.0.node_config.0.oauth_scopes.3859019814": "https://www.googleapis.com/auth/trace.append",
                            "node_pool.0.node_config.0.preemptible": "false",
                            "node_pool.0.node_config.0.service_account": "default",
                            "node_pool.0.node_config.0.tags.#": "0",
                            "node_pool.0.node_config.0.taint.#": "0",
                            "node_pool.0.node_config.0.workload_metadata_config.#": "0",
                            "node_pool.0.node_count": "1",
                            "node_pool.0.version": "1.11.3-gke.18",
                            "node_version": "1.11.3-gke.18",
                            "pod_security_policy_config.#": "0",
                            "private_cluster": "false",
                            "private_cluster_config.#": "0",
                            "project": "spacemaker-kubernetes-workshop",
                            "resource_labels.%": "0",
                            "subnetwork": "projects/spacemaker-kubernetes-workshop/regions/europe-west1/subnetworks/default",
                            "zone": "europe-west1-b"
                        },
                        "meta": {
                            "e2bfb730-ecaa-11e6-8f88-34363bc7c4c0": {
                                "create": 1800000000000,
                                "delete": 1800000000000,
                                "update": 600000000000
                            },
                            "schema_version": "1"
                        },
                        "tainted": false
                    },
                    "deposed": [],
                    "provider": "provider.google-beta"
                }
            },
            "depends_on": []
        }
    ]
}
